// !$*UTF8*$!
{
	archiveVersion = 1;
	classes = {
	};
	objectVersion = 56;
	objects = {

/* Begin PBXBuildFile section */
		590290C829D96C6C00CCB51D /* TransanctionList.swift in Sources */ = {isa = PBXBuildFile; fileRef = 590290C729D96C6C00CCB51D /* TransanctionList.swift */; };
		590290CB29D97B2100CCB51D /* Collections in Frameworks */ = {isa = PBXBuildFile; productRef = 590290CA29D97B2100CCB51D /* Collections */; };
		590290CE29D97C6100CCB51D /* SwiftUICharts in Frameworks */ = {isa = PBXBuildFile; productRef = 590290CD29D97C6100CCB51D /* SwiftUICharts */; };
		590D898C29D80FF30086A267 /* ExpenseTrackerApp.swift in Sources */ = {isa = PBXBuildFile; fileRef = 590D898B29D80FF30086A267 /* ExpenseTrackerApp.swift */; };
		590D898E29D80FF30086A267 /* ContentView.swift in Sources */ = {isa = PBXBuildFile; fileRef = 590D898D29D80FF30086A267 /* ContentView.swift */; };
		590D899029D80FF40086A267 /* Assets.xcassets in Resources */ = {isa = PBXBuildFile; fileRef = 590D898F29D80FF40086A267 /* Assets.xcassets */; };
		590D899329D80FF40086A267 /* Preview Assets.xcassets in Resources */ = {isa = PBXBuildFile; fileRef = 590D899229D80FF40086A267 /* Preview Assets.xcassets */; };
		590D899A29D8115E0086A267 /*  Extensions.swift in Sources */ = {isa = PBXBuildFile; fileRef = 590D899929D8115E0086A267 /*  Extensions.swift */; };
		590D899C29D814780086A267 /* TransanctionModel.swift in Sources */ = {isa = PBXBuildFile; fileRef = 590D899B29D814780086A267 /* TransanctionModel.swift */; };
		590D899E29D815B50086A267 /* PreviewData.swift in Sources */ = {isa = PBXBuildFile; fileRef = 590D899D29D815B50086A267 /* PreviewData.swift */; };
		590D89A029D816590086A267 /* TransanctionRow.swift in Sources */ = {isa = PBXBuildFile; fileRef = 590D899F29D816590086A267 /* TransanctionRow.swift */; };
		590D89A329D83D040086A267 /* SwiftUIFontIcon in Frameworks */ = {isa = PBXBuildFile; productRef = 590D89A229D83D040086A267 /* SwiftUIFontIcon */; };
		590D89A529D83DE50086A267 /* TransanctionListViewModel.swift in Sources */ = {isa = PBXBuildFile; fileRef = 590D89A429D83DE50086A267 /* TransanctionListViewModel.swift */; };
		590D89A729D84E1A0086A267 /* RecentTransanctionsList.swift in Sources */ = {isa = PBXBuildFile; fileRef = 590D89A629D84E1A0086A267 /* RecentTransanctionsList.swift */; };
/* End PBXBuildFile section */

/* Begin PBXFileReference section */
		590290C729D96C6C00CCB51D /* TransanctionList.swift */ = {isa = PBXFileReference; lastKnownFileType = sourcecode.swift; path = TransanctionList.swift; sourceTree = "<group>"; };
		590D898829D80FF30086A267 /* ExpenseTracker.app */ = {isa = PBXFileReference; explicitFileType = wrapper.application; includeInIndex = 0; path = ExpenseTracker.app; sourceTree = BUILT_PRODUCTS_DIR; };
		590D898B29D80FF30086A267 /* ExpenseTrackerApp.swift */ = {isa = PBXFileReference; lastKnownFileType = sourcecode.swift; path = ExpenseTrackerApp.swift; sourceTree = "<group>"; };
		590D898D29D80FF30086A267 /* ContentView.swift */ = {isa = PBXFileReference; lastKnownFileType = sourcecode.swift; path = ContentView.swift; sourceTree = "<group>"; };
		590D898F29D80FF40086A267 /* Assets.xcassets */ = {isa = PBXFileReference; lastKnownFileType = folder.assetcatalog; path = Assets.xcassets; sourceTree = "<group>"; };
		590D899229D80FF40086A267 /* Preview Assets.xcassets */ = {isa = PBXFileReference; lastKnownFileType = folder.assetcatalog; path = "Preview Assets.xcassets"; sourceTree = "<group>"; };
		590D899929D8115E0086A267 /*  Extensions.swift */ = {isa = PBXFileReference; lastKnownFileType = sourcecode.swift; path = " Extensions.swift"; sourceTree = "<group>"; };
		590D899B29D814780086A267 /* TransanctionModel.swift */ = {isa = PBXFileReference; lastKnownFileType = sourcecode.swift; path = TransanctionModel.swift; sourceTree = "<group>"; };
		590D899D29D815B50086A267 /* PreviewData.swift */ = {isa = PBXFileReference; lastKnownFileType = sourcecode.swift; path = PreviewData.swift; sourceTree = "<group>"; };
		590D899F29D816590086A267 /* TransanctionRow.swift */ = {isa = PBXFileReference; lastKnownFileType = sourcecode.swift; path = TransanctionRow.swift; sourceTree = "<group>"; };
		590D89A429D83DE50086A267 /* TransanctionListViewModel.swift */ = {isa = PBXFileReference; lastKnownFileType = sourcecode.swift; path = TransanctionListViewModel.swift; sourceTree = "<group>"; };
		590D89A629D84E1A0086A267 /* RecentTransanctionsList.swift */ = {isa = PBXFileReference; lastKnownFileType = sourcecode.swift; path = RecentTransanctionsList.swift; sourceTree = "<group>"; };
/* End PBXFileReference section */

/* Begin PBXFrameworksBuildPhase section */
		590D898529D80FF30086A267 /* Frameworks */ = {
			isa = PBXFrameworksBuildPhase;
			buildActionMask = 2147483647;
			files = (
				590290CE29D97C6100CCB51D /* SwiftUICharts in Frameworks */,
				590290CB29D97B2100CCB51D /* Collections in Frameworks */,
				590D89A329D83D040086A267 /* SwiftUIFontIcon in Frameworks */,
			);
			runOnlyForDeploymentPostprocessing = 0;
		};
/* End PBXFrameworksBuildPhase section */

/* Begin PBXGroup section */
		590D897F29D80FF30086A267 = {
			isa = PBXGroup;
			children = (
				590D898A29D80FF30086A267 /* ExpenseTracker */,
				590D898929D80FF30086A267 /* Products */,
			);
			sourceTree = "<group>";
		};
		590D898929D80FF30086A267 /* Products */ = {
			isa = PBXGroup;
			children = (
				590D898829D80FF30086A267 /* ExpenseTracker.app */,
			);
			name = Products;
			sourceTree = "<group>";
		};
		590D898A29D80FF30086A267 /* ExpenseTracker */ = {
			isa = PBXGroup;
			children = (
				590D898B29D80FF30086A267 /* ExpenseTrackerApp.swift */,
				590D898D29D80FF30086A267 /* ContentView.swift */,
				590D89A629D84E1A0086A267 /* RecentTransanctionsList.swift */,
				590290C729D96C6C00CCB51D /* TransanctionList.swift */,
				590D899F29D816590086A267 /* TransanctionRow.swift */,
				590D89A429D83DE50086A267 /* TransanctionListViewModel.swift */,
				590D898F29D80FF40086A267 /* Assets.xcassets */,
				590D899129D80FF40086A267 /* Preview Content */,
				590D899929D8115E0086A267 /*  Extensions.swift */,
				590D899B29D814780086A267 /* TransanctionModel.swift */,
			);
			path = ExpenseTracker;
			sourceTree = "<group>";
		};
		590D899129D80FF40086A267 /* Preview Content */ = {
			isa = PBXGroup;
			children = (
				590D899229D80FF40086A267 /* Preview Assets.xcassets */,
				590D899D29D815B50086A267 /* PreviewData.swift */,
			);
			path = "Preview Content";
			sourceTree = "<group>";
		};
/* End PBXGroup section */

/* Begin PBXNativeTarget section */
		590D898729D80FF30086A267 /* ExpenseTracker */ = {
			isa = PBXNativeTarget;
			buildConfigurationList = 590D899629D80FF40086A267 /* Build configuration list for PBXNativeTarget "ExpenseTracker" */;
			buildPhases = (
				590D898429D80FF30086A267 /* Sources */,
				590D898529D80FF30086A267 /* Frameworks */,
				590D898629D80FF30086A267 /* Resources */,
			);
			buildRules = (
			);
			dependencies = (
			);
			name = ExpenseTracker;
			packageProductDependencies = (
				590D89A229D83D040086A267 /* SwiftUIFontIcon */,
				590290CA29D97B2100CCB51D /* Collections */,
				590290CD29D97C6100CCB51D /* SwiftUICharts */,
			);
			productName = ExpenseTracker;
			productReference = 590D898829D80FF30086A267 /* ExpenseTracker.app */;
			productType = "com.apple.product-type.application";
		};
/* End PBXNativeTarget section */

/* Begin PBXProject section */
		590D898029D80FF30086A267 /* Project object */ = {
			isa = PBXProject;
			attributes = {
				BuildIndependentTargetsInParallel = 1;
				LastSwiftUpdateCheck = 1420;
				LastUpgradeCheck = 1420;
				TargetAttributes = {
					590D898729D80FF30086A267 = {
						CreatedOnToolsVersion = 14.2;
					};
				};
			};
			buildConfigurationList = 590D898329D80FF30086A267 /* Build configuration list for PBXProject "ExpenseTracker" */;
			compatibilityVersion = "Xcode 14.0";
			developmentRegion = en;
			hasScannedForEncodings = 0;
			knownRegions = (
				en,
				Base,
			);
			mainGroup = 590D897F29D80FF30086A267;
			packageReferences = (
				590D89A129D83D040086A267 /* XCRemoteSwiftPackageReference "SwiftUIFontIcon" */,
				590290C929D97B2100CCB51D /* XCRemoteSwiftPackageReference "swift-collections" */,
				590290CC29D97C6100CCB51D /* XCRemoteSwiftPackageReference "ChartView" */,
			);
			productRefGroup = 590D898929D80FF30086A267 /* Products */;
			projectDirPath = "";
			projectRoot = "";
			targets = (
				590D898729D80FF30086A267 /* ExpenseTracker */,
			);
		};
/* End PBXProject section */

/* Begin PBXResourcesBuildPhase section */
		590D898629D80FF30086A267 /* Resources */ = {
			isa = PBXResourcesBuildPhase;
			buildActionMask = 2147483647;
			files = (
				590D899329D80FF40086A267 /* Preview Assets.xcassets in Resources */,
				590D899029D80FF40086A267 /* Assets.xcassets in Resources */,
			);
			runOnlyForDeploymentPostprocessing = 0;
		};
/* End PBXResourcesBuildPhase section */

/* Begin PBXSourcesBuildPhase section */
		590D898429D80FF30086A267 /* Sources */ = {
			isa = PBXSourcesBuildPhase;
			buildActionMask = 2147483647;
			files = (
				590D899E29D815B50086A267 /* PreviewData.swift in Sources */,
				590D89A529D83DE50086A267 /* TransanctionListViewModel.swift in Sources */,
				590D898E29D80FF30086A267 /* ContentView.swift in Sources */,
				590D899A29D8115E0086A267 /*  Extensions.swift in Sources */,
				590D89A729D84E1A0086A267 /* RecentTransanctionsList.swift in Sources */,
				590D898C29D80FF30086A267 /* ExpenseTrackerApp.swift in Sources */,
				590D89A029D816590086A267 /* TransanctionRow.swift in Sources */,
				590D899C29D814780086A267 /* TransanctionModel.swift in Sources */,
				590290C829D96C6C00CCB51D /* TransanctionList.swift in Sources */,
			);
			runOnlyForDeploymentPostprocessing = 0;
		};
/* End PBXSourcesBuildPhase section */

/* Begin XCBuildConfiguration section */
		590D899429D80FF40086A267 /* Debug */ = {
			isa = XCBuildConfiguration;
			buildSettings = {
				ALWAYS_SEARCH_USER_PATHS = NO;
				CLANG_ANALYZER_NONNULL = YES;
				CLANG_ANALYZER_NUMBER_OBJECT_CONVERSION = YES_AGGRESSIVE;
				CLANG_CXX_LANGUAGE_STANDARD = "gnu++20";
				CLANG_ENABLE_MODULES = YES;
				CLANG_ENABLE_OBJC_ARC = YES;
				CLANG_ENABLE_OBJC_WEAK = YES;
				CLANG_WARN_BLOCK_CAPTURE_AUTORELEASING = YES;
				CLANG_WARN_BOOL_CONVERSION = YES;
				CLANG_WARN_COMMA = YES;
				CLANG_WARN_CONSTANT_CONVERSION = YES;
				CLANG_WARN_DEPRECATED_OBJC_IMPLEMENTATIONS = YES;
				CLANG_WARN_DIRECT_OBJC_ISA_USAGE = YES_ERROR;
				CLANG_WARN_DOCUMENTATION_COMMENTS = YES;
				CLANG_WARN_EMPTY_BODY = YES;
				CLANG_WARN_ENUM_CONVERSION = YES;
				CLANG_WARN_INFINITE_RECURSION = YES;
				CLANG_WARN_INT_CONVERSION = YES;
				CLANG_WARN_NON_LITERAL_NULL_CONVERSION = YES;
				CLANG_WARN_OBJC_IMPLICIT_RETAIN_SELF = YES;
				CLANG_WARN_OBJC_LITERAL_CONVERSION = YES;
				CLANG_WARN_OBJC_ROOT_CLASS = YES_ERROR;
				CLANG_WARN_QUOTED_INCLUDE_IN_FRAMEWORK_HEADER = YES;
				CLANG_WARN_RANGE_LOOP_ANALYSIS = YES;
				CLANG_WARN_STRICT_PROTOTYPES = YES;
				CLANG_WARN_SUSPICIOUS_MOVE = YES;
				CLANG_WARN_UNGUARDED_AVAILABILITY = YES_AGGRESSIVE;
				CLANG_WARN_UNREACHABLE_CODE = YES;
				CLANG_WARN__DUPLICATE_METHOD_MATCH = YES;
				COPY_PHASE_STRIP = NO;
				DEBUG_INFORMATION_FORMAT = dwarf;
				ENABLE_STRICT_OBJC_MSGSEND = YES;
				ENABLE_TESTABILITY = YES;
				GCC_C_LANGUAGE_STANDARD = gnu11;
				GCC_DYNAMIC_NO_PIC = NO;
				GCC_NO_COMMON_BLOCKS = YES;
				GCC_OPTIMIZATION_LEVEL = 0;
				GCC_PREPROCESSOR_DEFINITIONS = (
					"DEBUG=1",
					"$(inherited)",
				);
				GCC_WARN_64_TO_32_BIT_CONVERSION = YES;
				GCC_WARN_ABOUT_RETURN_TYPE = YES_ERROR;
				GCC_WARN_UNDECLARED_SELECTOR = YES;
				GCC_WARN_UNINITIALIZED_AUTOS = YES_AGGRESSIVE;
				GCC_WARN_UNUSED_FUNCTION = YES;
				GCC_WARN_UNUSED_VARIABLE = YES;
				IPHONEOS_DEPLOYMENT_TARGET = 16.2;
				MTL_ENABLE_DEBUG_INFO = INCLUDE_SOURCE;
				MTL_FAST_MATH = YES;
				ONLY_ACTIVE_ARCH = YES;
				SDKROOT = iphoneos;
				SWIFT_ACTIVE_COMPILATION_CONDITIONS = DEBUG;
				SWIFT_OPTIMIZATION_LEVEL = "-Onone";
			};
			name = Debug;
		};
		590D899529D80FF40086A267 /* Release */ = {
			isa = XCBuildConfiguration;
			buildSettings = {
				ALWAYS_SEARCH_USER_PATHS = NO;
				CLANG_ANALYZER_NONNULL = YES;
				CLANG_ANALYZER_NUMBER_OBJECT_CONVERSION = YES_AGGRESSIVE;
				CLANG_CXX_LANGUAGE_STANDARD = "gnu++20";
				CLANG_ENABLE_MODULES = YES;
				CLANG_ENABLE_OBJC_ARC = YES;
				CLANG_ENABLE_OBJC_WEAK = YES;
				CLANG_WARN_BLOCK_CAPTURE_AUTORELEASING = YES;
				CLANG_WARN_BOOL_CONVERSION = YES;
				CLANG_WARN_COMMA = YES;
				CLANG_WARN_CONSTANT_CONVERSION = YES;
				CLANG_WARN_DEPRECATED_OBJC_IMPLEMENTATIONS = YES;
				CLANG_WARN_DIRECT_OBJC_ISA_USAGE = YES_ERROR;
				CLANG_WARN_DOCUMENTATION_COMMENTS = YES;
				CLANG_WARN_EMPTY_BODY = YES;
				CLANG_WARN_ENUM_CONVERSION = YES;
				CLANG_WARN_INFINITE_RECURSION = YES;
				CLANG_WARN_INT_CONVERSION = YES;
				CLANG_WARN_NON_LITERAL_NULL_CONVERSION = YES;
				CLANG_WARN_OBJC_IMPLICIT_RETAIN_SELF = YES;
				CLANG_WARN_OBJC_LITERAL_CONVERSION = YES;
				CLANG_WARN_OBJC_ROOT_CLASS = YES_ERROR;
				CLANG_WARN_QUOTED_INCLUDE_IN_FRAMEWORK_HEADER = YES;
				CLANG_WARN_RANGE_LOOP_ANALYSIS = YES;
				CLANG_WARN_STRICT_PROTOTYPES = YES;
				CLANG_WARN_SUSPICIOUS_MOVE = YES;
				CLANG_WARN_UNGUARDED_AVAILABILITY = YES_AGGRESSIVE;
				CLANG_WARN_UNREACHABLE_CODE = YES;
				CLANG_WARN__DUPLICATE_METHOD_MATCH = YES;
				COPY_PHASE_STRIP = NO;
				DEBUG_INFORMATION_FORMAT = "dwarf-with-dsym";
				ENABLE_NS_ASSERTIONS = NO;
				ENABLE_STRICT_OBJC_MSGSEND = YES;
				GCC_C_LANGUAGE_STANDARD = gnu11;
				GCC_NO_COMMON_BLOCKS = YES;
				GCC_WARN_64_TO_32_BIT_CONVERSION = YES;
				GCC_WARN_ABOUT_RETURN_TYPE = YES_ERROR;
				GCC_WARN_UNDECLARED_SELECTOR = YES;
				GCC_WARN_UNINITIALIZED_AUTOS = YES_AGGRESSIVE;
				GCC_WARN_UNUSED_FUNCTION = YES;
				GCC_WARN_UNUSED_VARIABLE = YES;
				IPHONEOS_DEPLOYMENT_TARGET = 16.2;
				MTL_ENABLE_DEBUG_INFO = NO;
				MTL_FAST_MATH = YES;
				SDKROOT = iphoneos;
				SWIFT_COMPILATION_MODE = wholemodule;
				SWIFT_OPTIMIZATION_LEVEL = "-O";
				VALIDATE_PRODUCT = YES;
			};
			name = Release;
		};
		590D899729D80FF40086A267 /* Debug */ = {
			isa = XCBuildConfiguration;
			buildSettings = {
				ASSETCATALOG_COMPILER_APPICON_NAME = AppIcon;
				ASSETCATALOG_COMPILER_GLOBAL_ACCENT_COLOR_NAME = AccentColor;
				CODE_SIGN_STYLE = Automatic;
				CURRENT_PROJECT_VERSION = 1;
				DEVELOPMENT_ASSET_PATHS = "\"ExpenseTracker/Preview Content\"";
				DEVELOPMENT_TEAM = KG48836ZGY;
				ENABLE_PREVIEWS = YES;
				GENERATE_INFOPLIST_FILE = YES;
				INFOPLIST_KEY_UIApplicationSceneManifest_Generation = YES;
				INFOPLIST_KEY_UIApplicationSupportsIndirectInputEvents = YES;
				INFOPLIST_KEY_UILaunchScreen_Generation = YES;
				INFOPLIST_KEY_UISupportedInterfaceOrientations_iPad = "UIInterfaceOrientationPortrait UIInterfaceOrientationPortraitUpsideDown UIInterfaceOrientationLandscapeLeft UIInterfaceOrientationLandscapeRight";
				INFOPLIST_KEY_UISupportedInterfaceOrientations_iPhone = "UIInterfaceOrientationPortrait UIInterfaceOrientationLandscapeLeft UIInterfaceOrientationLandscapeRight";
				LD_RUNPATH_SEARCH_PATHS = (
					"$(inherited)",
					"@executable_path/Frameworks",
				);
				MARKETING_VERSION = 1.0;
				PRODUCT_BUNDLE_IDENTIFIER = com.satyamshivhare.ExpenseTracker;
				PRODUCT_NAME = "$(TARGET_NAME)";
				SWIFT_EMIT_LOC_STRINGS = YES;
				SWIFT_VERSION = 5.0;
				TARGETED_DEVICE_FAMILY = "1,2";
			};
			name = Debug;
		};
		590D899829D80FF40086A267 /* Release */ = {
			isa = XCBuildConfiguration;
			buildSettings = {
				ASSETCATALOG_COMPILER_APPICON_NAME = AppIcon;
				ASSETCATALOG_COMPILER_GLOBAL_ACCENT_COLOR_NAME = AccentColor;
				CODE_SIGN_STYLE = Automatic;
				CURRENT_PROJECT_VERSION = 1;
				DEVELOPMENT_ASSET_PATHS = "\"ExpenseTracker/Preview Content\"";
				DEVELOPMENT_TEAM = KG48836ZGY;
				ENABLE_PREVIEWS = YES;
				GENERATE_INFOPLIST_FILE = YES;
				INFOPLIST_KEY_UIApplicationSceneManifest_Generation = YES;
				INFOPLIST_KEY_UIApplicationSupportsIndirectInputEvents = YES;
				INFOPLIST_KEY_UILaunchScreen_Generation = YES;
				INFOPLIST_KEY_UISupportedInterfaceOrientations_iPad = "UIInterfaceOrientationPortrait UIInterfaceOrientationPortraitUpsideDown UIInterfaceOrientationLandscapeLeft UIInterfaceOrientationLandscapeRight";
				INFOPLIST_KEY_UISupportedInterfaceOrientations_iPhone = "UIInterfaceOrientationPortrait UIInterfaceOrientationLandscapeLeft UIInterfaceOrientationLandscapeRight";
				LD_RUNPATH_SEARCH_PATHS = (
					"$(inherited)",
					"@executable_path/Frameworks",
				);
				MARKETING_VERSION = 1.0;
				PRODUCT_BUNDLE_IDENTIFIER = com.satyamshivhare.ExpenseTracker;
				PRODUCT_NAME = "$(TARGET_NAME)";
				SWIFT_EMIT_LOC_STRINGS = YES;
				SWIFT_VERSION = 5.0;
				TARGETED_DEVICE_FAMILY = "1,2";
			};
			name = Release;
		};
/* End XCBuildConfiguration section */

/* Begin XCConfigurationList section */
		590D898329D80FF30086A267 /* Build configuration list for PBXProject "ExpenseTracker" */ = {
			isa = XCConfigurationList;
			buildConfigurations = (
				590D899429D80FF40086A267 /* Debug */,
				590D899529D80FF40086A267 /* Release */,
			);
			defaultConfigurationIsVisible = 0;
			defaultConfigurationName = Release;
		};
		590D899629D80FF40086A267 /* Build configuration list for PBXNativeTarget "ExpenseTracker" */ = {
			isa = XCConfigurationList;
			buildConfigurations = (
				590D899729D80FF40086A267 /* Debug */,
				590D899829D80FF40086A267 /* Release */,
			);
			defaultConfigurationIsVisible = 0;
			defaultConfigurationName = Release;
		};
/* End XCConfigurationList section */

/* Begin XCRemoteSwiftPackageReference section */
		590290C929D97B2100CCB51D /* XCRemoteSwiftPackageReference "swift-collections" */ = {
			isa = XCRemoteSwiftPackageReference;
			repositoryURL = "https://github.com/apple/swift-collections.git";
			requirement = {
				kind = upToNextMajorVersion;
				minimumVersion = 1.0.2;
			};
		};
		590290CC29D97C6100CCB51D /* XCRemoteSwiftPackageReference "ChartView" */ = {
			isa = XCRemoteSwiftPackageReference;
			repositoryURL = "https://github.com/AppPear/ChartView";
			requirement = {
				kind = exactVersion;
				version = "2.0.0-beta.2";
			};
		};
		590D89A129D83D040086A267 /* XCRemoteSwiftPackageReference "SwiftUIFontIcon" */ = {
			isa = XCRemoteSwiftPackageReference;
			repositoryURL = "https://github.com/huybuidac/SwiftUIFontIcon";
			requirement = {
				branch = master;
				kind = branch;
			};
		};
/* End XCRemoteSwiftPackageReference section */

/* Begin XCSwiftPackageProductDependency section */
		590290CA29D97B2100CCB51D /* Collections */ = {
			isa = XCSwiftPackageProductDependency;
			package = 590290C929D97B2100CCB51D /* XCRemoteSwiftPackageReference "swift-collections" */;
			productName = Collections;
		};
		590290CD29D97C6100CCB51D /* SwiftUICharts */ = {
			isa = XCSwiftPackageProductDependency;
			package = 590290CC29D97C6100CCB51D /* XCRemoteSwiftPackageReference "ChartView" */;
			productName = SwiftUICharts;
		};
		590D89A229D83D040086A267 /* SwiftUIFontIcon */ = {
			isa = XCSwiftPackageProductDependency;
			package = 590D89A129D83D040086A267 /* XCRemoteSwiftPackageReference "SwiftUIFontIcon" */;
			productName = SwiftUIFontIcon;
		};
/* End XCSwiftPackageProductDependency section */
	};
	rootObject = 590D898029D80FF30086A267 /* Project object */;
}
